
Microsoft Visual Studio Solution File, Format Version 12.00
# Visual Studio Version 16
VisualStudioVersion = 16.0.29911.84
MinimumVisualStudioVersion = 10.0.40219.1
Project("{FAE04EC0-301F-11D3-BF4B-00C04F79EFBC}") = "AnotherPacMan", "AnotherPacMan.csproj", "{94F7964A-0F13-47AD-9C83-D352D4D97D25}"
EndProject
Global
	GlobalSection(SolutionConfigurationPlatforms) = preSolution
		Debug|Any CPU = Debug|Any CPU
		Release|Any CPU = Release|Any CPU
	EndGlobalSection
	GlobalSection(ProjectConfigurationPlatforms) = postSolution
		{94F7964A-0F13-47AD-9C83-D352D4D97D25}.Debug|Any CPU.ActiveCfg = Debug|Any CPU
		{94F7964A-0F13-47AD-9C83-D352D4D97D25}.Debug|Any CPU.Build.0 = Debug|Any CPU
		{94F7964A-0F13-47AD-9C83-D352D4D97D25}.Release|Any CPU.ActiveCfg = Release|Any CPU
		{94F7964A-0F13-47AD-9C83-D352D4D97D25}.Release|Any CPU.Build.0 = Release|Any CPU
	EndGlobalSection
	GlobalSection(SolutionProperties) = preSolution
		HideSolutionNode = FALSE
	EndGlobalSection
	GlobalSection(ExtensibilityGlobals) = postSolution
		SolutionGuid = {9A598625-825D-4AE4-B4B5-2999A3B970DE}
	EndGlobalSection
EndGlobal
